// !$*UTF8*$!
{
	archiveVersion = 1;
	classes = {
	};
	objectVersion = 46;
	objects = {

/* Begin PBXBuildFile section */
		A3FD20361BAB6EF60002B587 /* AppDelegate.swift in Sources */ = {isa = PBXBuildFile; fileRef = A3FD20351BAB6EF60002B587 /* AppDelegate.swift */; };
		A3FD20381BAB6EF60002B587 /* ViewController.swift in Sources */ = {isa = PBXBuildFile; fileRef = A3FD20371BAB6EF60002B587 /* ViewController.swift */; };
		A3FD203B1BAB6EF60002B587 /* Main.storyboard in Resources */ = {isa = PBXBuildFile; fileRef = A3FD20391BAB6EF60002B587 /* Main.storyboard */; };
		A3FD203D1BAB6EF60002B587 /* Assets.xcassets in Resources */ = {isa = PBXBuildFile; fileRef = A3FD203C1BAB6EF60002B587 /* Assets.xcassets */; };
		A3FD20401BAB6EF60002B587 /* LaunchScreen.storyboard in Resources */ = {isa = PBXBuildFile; fileRef = A3FD203E1BAB6EF60002B587 /* LaunchScreen.storyboard */; };
		A3FD25E41BAB703B0002B587 /* pokemon.csv in Resources */ = {isa = PBXBuildFile; fileRef = A3FD25E31BAB703B0002B587 /* pokemon.csv */; settings = {ASSET_TAGS = (); }; };
		A3FD25E71BAB785C0002B587 /* Pokemon.swift in Sources */ = {isa = PBXBuildFile; fileRef = A3FD25E61BAB785C0002B587 /* Pokemon.swift */; settings = {ASSET_TAGS = (); }; };
		A3FD25EA1BAB8CF60002B587 /* PokeCell.swift in Sources */ = {isa = PBXBuildFile; fileRef = A3FD25E91BAB8CF60002B587 /* PokeCell.swift */; settings = {ASSET_TAGS = (); }; };
		A3FD25EC1BAB9F250002B587 /* csv.swift in Sources */ = {isa = PBXBuildFile; fileRef = A3FD25EB1BAB9F250002B587 /* csv.swift */; settings = {ASSET_TAGS = (); }; };
		A3FD25F21BABA7AC0002B587 /* Pokemon.ttf in Resources */ = {isa = PBXBuildFile; fileRef = A3FD25F11BABA7AC0002B587 /* Pokemon.ttf */; settings = {ASSET_TAGS = (); }; };
		A3FD25F41BABAB360002B587 /* music.mp3 in Resources */ = {isa = PBXBuildFile; fileRef = A3FD25F31BABAB360002B587 /* music.mp3 */; settings = {ASSET_TAGS = (); }; };
		A3FD25F61BABB9A20002B587 /* PokemonDetailVC.swift in Sources */ = {isa = PBXBuildFile; fileRef = A3FD25F51BABB9A20002B587 /* PokemonDetailVC.swift */; settings = {ASSET_TAGS = (); }; };
/* End PBXBuildFile section */

/* Begin PBXFileReference section */
		A3FD20321BAB6EF60002B587 /* PokeDex.app */ = {isa = PBXFileReference; explicitFileType = wrapper.application; includeInIndex = 0; path = PokeDex.app; sourceTree = BUILT_PRODUCTS_DIR; };
		A3FD20351BAB6EF60002B587 /* AppDelegate.swift */ = {isa = PBXFileReference; lastKnownFileType = sourcecode.swift; path = AppDelegate.swift; sourceTree = "<group>"; };
		A3FD20371BAB6EF60002B587 /* ViewController.swift */ = {isa = PBXFileReference; lastKnownFileType = sourcecode.swift; path = ViewController.swift; sourceTree = "<group>"; };
		A3FD203A1BAB6EF60002B587 /* Base */ = {isa = PBXFileReference; lastKnownFileType = file.storyboard; name = Base; path = Base.lproj/Main.storyboard; sourceTree = "<group>"; };
		A3FD203C1BAB6EF60002B587 /* Assets.xcassets */ = {isa = PBXFileReference; lastKnownFileType = folder.assetcatalog; path = Assets.xcassets; sourceTree = "<group>"; };
		A3FD203F1BAB6EF60002B587 /* Base */ = {isa = PBXFileReference; lastKnownFileType = file.storyboard; name = Base; path = Base.lproj/LaunchScreen.storyboard; sourceTree = "<group>"; };
		A3FD20411BAB6EF60002B587 /* Info.plist */ = {isa = PBXFileReference; lastKnownFileType = text.plist.xml; path = Info.plist; sourceTree = "<group>"; };
		A3FD25E31BAB703B0002B587 /* pokemon.csv */ = {isa = PBXFileReference; fileEncoding = 4; lastKnownFileType = text; path = pokemon.csv; sourceTree = "<group>"; };
		A3FD25E61BAB785C0002B587 /* Pokemon.swift */ = {isa = PBXFileReference; fileEncoding = 4; lastKnownFileType = sourcecode.swift; path = Pokemon.swift; sourceTree = "<group>"; };
		A3FD25E91BAB8CF60002B587 /* PokeCell.swift */ = {isa = PBXFileReference; fileEncoding = 4; lastKnownFileType = sourcecode.swift; path = PokeCell.swift; sourceTree = "<group>"; };
		A3FD25EB1BAB9F250002B587 /* csv.swift */ = {isa = PBXFileReference; fileEncoding = 4; lastKnownFileType = sourcecode.swift; path = csv.swift; sourceTree = "<group>"; };
		A3FD25F11BABA7AC0002B587 /* Pokemon.ttf */ = {isa = PBXFileReference; lastKnownFileType = file; path = Pokemon.ttf; sourceTree = "<group>"; };
		A3FD25F31BABAB360002B587 /* music.mp3 */ = {isa = PBXFileReference; lastKnownFileType = audio.mp3; path = music.mp3; sourceTree = "<group>"; };
		A3FD25F51BABB9A20002B587 /* PokemonDetailVC.swift */ = {isa = PBXFileReference; fileEncoding = 4; lastKnownFileType = sourcecode.swift; path = PokemonDetailVC.swift; sourceTree = "<group>"; };
/* End PBXFileReference section */

/* Begin PBXFrameworksBuildPhase section */
		A3FD202F1BAB6EF60002B587 /* Frameworks */ = {
			isa = PBXFrameworksBuildPhase;
			buildActionMask = 2147483647;
			files = (
			);
			runOnlyForDeploymentPostprocessing = 0;
		};
/* End PBXFrameworksBuildPhase section */

/* Begin PBXGroup section */
		A3FD20291BAB6EF50002B587 = {
			isa = PBXGroup;
			children = (
				A3FD20341BAB6EF60002B587 /* PokeDex */,
				A3FD20331BAB6EF60002B587 /* Products */,
			);
			sourceTree = "<group>";
		};
		A3FD20331BAB6EF60002B587 /* Products */ = {
			isa = PBXGroup;
			children = (
				A3FD20321BAB6EF60002B587 /* PokeDex.app */,
			);
			name = Products;
			sourceTree = "<group>";
		};
		A3FD20341BAB6EF60002B587 /* PokeDex */ = {
			isa = PBXGroup;
			children = (
				A3FD25F01BAB9F630002B587 /* Utils */,
				A3FD25EF1BAB9F460002B587 /* Controller */,
				A3FD25EE1BAB9F3F0002B587 /* View */,
				A3FD25ED1BAB9F390002B587 /* Model */,
				A3FD20351BAB6EF60002B587 /* AppDelegate.swift */,
				A3FD20371BAB6EF60002B587 /* ViewController.swift */,
				A3FD20391BAB6EF60002B587 /* Main.storyboard */,
				A3FD203C1BAB6EF60002B587 /* Assets.xcassets */,
				A3FD203E1BAB6EF60002B587 /* LaunchScreen.storyboard */,
				A3FD20411BAB6EF60002B587 /* Info.plist */,
			);
			path = PokeDex;
			sourceTree = "<group>";
		};
		A3FD25E51BAB783F0002B587 /* Pokemon */ = {
			isa = PBXGroup;
			children = (
				A3FD25E61BAB785C0002B587 /* Pokemon.swift */,
			);
			name = Pokemon;
			sourceTree = "<group>";
		};
		A3FD25E81BAB8CAC0002B587 /* PokeCell */ = {
			isa = PBXGroup;
			children = (
				A3FD25E91BAB8CF60002B587 /* PokeCell.swift */,
			);
			name = PokeCell;
			sourceTree = "<group>";
		};
		A3FD25ED1BAB9F390002B587 /* Model */ = {
			isa = PBXGroup;
			children = (
				A3FD25E51BAB783F0002B587 /* Pokemon */,
			);
			name = Model;
			sourceTree = "<group>";
		};
		A3FD25EE1BAB9F3F0002B587 /* View */ = {
			isa = PBXGroup;
			children = (
				A3FD25E81BAB8CAC0002B587 /* PokeCell */,
			);
			name = View;
			sourceTree = "<group>";
		};
		A3FD25EF1BAB9F460002B587 /* Controller */ = {
			isa = PBXGroup;
			children = (
				A3FD25F51BABB9A20002B587 /* PokemonDetailVC.swift */,
			);
			name = Controller;
			sourceTree = "<group>";
		};
		A3FD25F01BAB9F630002B587 /* Utils */ = {
			isa = PBXGroup;
			children = (
				A3FD25F31BABAB360002B587 /* music.mp3 */,
				A3FD25EB1BAB9F250002B587 /* csv.swift */,
				A3FD25F11BABA7AC0002B587 /* Pokemon.ttf */,
				A3FD25E31BAB703B0002B587 /* pokemon.csv */,
			);
			name = Utils;
			sourceTree = "<group>";
		};
/* End PBXGroup section */

/* Begin PBXNativeTarget section */
		A3FD20311BAB6EF60002B587 /* PokeDex */ = {
			isa = PBXNativeTarget;
			buildConfigurationList = A3FD20441BAB6EF60002B587 /* Build configuration list for PBXNativeTarget "PokeDex" */;
			buildPhases = (
				A3FD202E1BAB6EF60002B587 /* Sources */,
				A3FD202F1BAB6EF60002B587 /* Frameworks */,
				A3FD20301BAB6EF60002B587 /* Resources */,
			);
			buildRules = (
			);
			dependencies = (
			);
			name = PokeDex;
			productName = PokeDex;
			productReference = A3FD20321BAB6EF60002B587 /* PokeDex.app */;
			productType = "com.apple.product-type.application";
		};
/* End PBXNativeTarget section */

/* Begin PBXProject section */
		A3FD202A1BAB6EF60002B587 /* Project object */ = {
			isa = PBXProject;
			attributes = {
				LastUpgradeCheck = 0700;
				ORGANIZATIONNAME = Geeksdobyte;
				TargetAttributes = {
					A3FD20311BAB6EF60002B587 = {
						CreatedOnToolsVersion = 7.0;
					};
				};
			};
			buildConfigurationList = A3FD202D1BAB6EF60002B587 /* Build configuration list for PBXProject "PokeDex" */;
			compatibilityVersion = "Xcode 3.2";
			developmentRegion = English;
			hasScannedForEncodings = 0;
			knownRegions = (
				en,
				Base,
			);
			mainGroup = A3FD20291BAB6EF50002B587;
			productRefGroup = A3FD20331BAB6EF60002B587 /* Products */;
			projectDirPath = "";
			projectRoot = "";
			targets = (
				A3FD20311BAB6EF60002B587 /* PokeDex */,
			);
		};
/* End PBXProject section */

/* Begin PBXResourcesBuildPhase section */
		A3FD20301BAB6EF60002B587 /* Resources */ = {
			isa = PBXResourcesBuildPhase;
			buildActionMask = 2147483647;
			files = (
				A3FD20401BAB6EF60002B587 /* LaunchScreen.storyboard in Resources */,
				A3FD25F21BABA7AC0002B587 /* Pokemon.ttf in Resources */,
				A3FD25F41BABAB360002B587 /* music.mp3 in Resources */,
				A3FD25E41BAB703B0002B587 /* pokemon.csv in Resources */,
				A3FD203D1BAB6EF60002B587 /* Assets.xcassets in Resources */,
				A3FD203B1BAB6EF60002B587 /* Main.storyboard in Resources */,
			);
			runOnlyForDeploymentPostprocessing = 0;
		};
/* End PBXResourcesBuildPhase section */

/* Begin PBXSourcesBuildPhase section */
		A3FD202E1BAB6EF60002B587 /* Sources */ = {
			isa = PBXSourcesBuildPhase;
			buildActionMask = 2147483647;
			files = (
				A3FD25EA1BAB8CF60002B587 /* PokeCell.swift in Sources */,
				A3FD20381BAB6EF60002B587 /* ViewController.swift in Sources */,
				A3FD20361BAB6EF60002B587 /* AppDelegate.swift in Sources */,
				A3FD25F61BABB9A20002B587 /* PokemonDetailVC.swift in Sources */,
				A3FD25E71BAB785C0002B587 /* Pokemon.swift in Sources */,
				A3FD25EC1BAB9F250002B587 /* csv.swift in Sources */,
			);
			runOnlyForDeploymentPostprocessing = 0;
		};
/* End PBXSourcesBuildPhase section */

/* Begin PBXVariantGroup section */
		A3FD20391BAB6EF60002B587 /* Main.storyboard */ = {
			isa = PBXVariantGroup;
			children = (
				A3FD203A1BAB6EF60002B587 /* Base */,
			);
			name = Main.storyboard;
			sourceTree = "<group>";
		};
		A3FD203E1BAB6EF60002B587 /* LaunchScreen.storyboard */ = {
			isa = PBXVariantGroup;
			children = (
				A3FD203F1BAB6EF60002B587 /* Base */,
			);
			name = LaunchScreen.storyboard;
			sourceTree = "<group>";
		};
/* End PBXVariantGroup section */

/* Begin XCBuildConfiguration section */
		A3FD20421BAB6EF60002B587 /* Debug */ = {
			isa = XCBuildConfiguration;
			buildSettings = {
				ALWAYS_SEARCH_USER_PATHS = NO;
				CLANG_CXX_LANGUAGE_STANDARD = "gnu++0x";
				CLANG_CXX_LIBRARY = "libc++";
				CLANG_ENABLE_MODULES = YES;
				CLANG_ENABLE_OBJC_ARC = YES;
				CLANG_WARN_BOOL_CONVERSION = YES;
				CLANG_WARN_CONSTANT_CONVERSION = YES;
				CLANG_WARN_DIRECT_OBJC_ISA_USAGE = YES_ERROR;
				CLANG_WARN_EMPTY_BODY = YES;
				CLANG_WARN_ENUM_CONVERSION = YES;
				CLANG_WARN_INT_CONVERSION = YES;
				CLANG_WARN_OBJC_ROOT_CLASS = YES_ERROR;
				CLANG_WARN_UNREACHABLE_CODE = YES;
				CLANG_WARN__DUPLICATE_METHOD_MATCH = YES;
				"CODE_SIGN_IDENTITY[sdk=iphoneos*]" = "iPhone Developer";
				COPY_PHASE_STRIP = NO;
				DEBUG_INFORMATION_FORMAT = dwarf;
				ENABLE_STRICT_OBJC_MSGSEND = YES;
				ENABLE_TESTABILITY = YES;
				GCC_C_LANGUAGE_STANDARD = gnu99;
				GCC_DYNAMIC_NO_PIC = NO;
				GCC_NO_COMMON_BLOCKS = YES;
				GCC_OPTIMIZATION_LEVEL = 0;
				GCC_PREPROCESSOR_DEFINITIONS = (
					"DEBUG=1",
					"$(inherited)",
				);
				GCC_WARN_64_TO_32_BIT_CONVERSION = YES;
				GCC_WARN_ABOUT_RETURN_TYPE = YES_ERROR;
				GCC_WARN_UNDECLARED_SELECTOR = YES;
				GCC_WARN_UNINITIALIZED_AUTOS = YES_AGGRESSIVE;
				GCC_WARN_UNUSED_FUNCTION = YES;
				GCC_WARN_UNUSED_VARIABLE = YES;
				IPHONEOS_DEPLOYMENT_TARGET = 9.0;
				MTL_ENABLE_DEBUG_INFO = YES;
				ONLY_ACTIVE_ARCH = YES;
				SDKROOT = iphoneos;
				SWIFT_OPTIMIZATION_LEVEL = "-Onone";
				TARGETED_DEVICE_FAMILY = "1,2";
			};
			name = Debug;
		};
		A3FD20431BAB6EF60002B587 /* Release */ = {
			isa = XCBuildConfiguration;
			buildSettings = {
				ALWAYS_SEARCH_USER_PATHS = NO;
				CLANG_CXX_LANGUAGE_STANDARD = "gnu++0x";
				CLANG_CXX_LIBRARY = "libc++";
				CLANG_ENABLE_MODULES = YES;
				CLANG_ENABLE_OBJC_ARC = YES;
				CLANG_WARN_BOOL_CONVERSION = YES;
				CLANG_WARN_CONSTANT_CONVERSION = YES;
				CLANG_WARN_DIRECT_OBJC_ISA_USAGE = YES_ERROR;
				CLANG_WARN_EMPTY_BODY = YES;
				CLANG_WARN_ENUM_CONVERSION = YES;
				CLANG_WARN_INT_CONVERSION = YES;
				CLANG_WARN_OBJC_ROOT_CLASS = YES_ERROR;
				CLANG_WARN_UNREACHABLE_CODE = YES;
				CLANG_WARN__DUPLICATE_METHOD_MATCH = YES;
				"CODE_SIGN_IDENTITY[sdk=iphoneos*]" = "iPhone Developer";
				COPY_PHASE_STRIP = NO;
				DEBUG_INFORMATION_FORMAT = "dwarf-with-dsym";
				ENABLE_NS_ASSERTIONS = NO;
				ENABLE_STRICT_OBJC_MSGSEND = YES;
				GCC_C_LANGUAGE_STANDARD = gnu99;
				GCC_NO_COMMON_BLOCKS = YES;
				GCC_WARN_64_TO_32_BIT_CONVERSION = YES;
				GCC_WARN_ABOUT_RETURN_TYPE = YES_ERROR;
				GCC_WARN_UNDECLARED_SELECTOR = YES;
				GCC_WARN_UNINITIALIZED_AUTOS = YES_AGGRESSIVE;
				GCC_WARN_UNUSED_FUNCTION = YES;
				GCC_WARN_UNUSED_VARIABLE = YES;
				IPHONEOS_DEPLOYMENT_TARGET = 9.0;
				MTL_ENABLE_DEBUG_INFO = NO;
				SDKROOT = iphoneos;
				TARGETED_DEVICE_FAMILY = "1,2";
				VALIDATE_PRODUCT = YES;
			};
			name = Release;
		};
		A3FD20451BAB6EF60002B587 /* Debug */ = {
			isa = XCBuildConfiguration;
			buildSettings = {
				ASSETCATALOG_COMPILER_APPICON_NAME = AppIcon;
				INFOPLIST_FILE = PokeDex/Info.plist;
				LD_RUNPATH_SEARCH_PATHS = "$(inherited) @executable_path/Frameworks";
				PRODUCT_BUNDLE_IDENTIFIER = com.geeksdobyte.PokeDex;
				PRODUCT_NAME = "$(TARGET_NAME)";
			};
			name = Debug;
		};
		A3FD20461BAB6EF60002B587 /* Release */ = {
			isa = XCBuildConfiguration;
			buildSettings = {
				ASSETCATALOG_COMPILER_APPICON_NAME = AppIcon;
				INFOPLIST_FILE = PokeDex/Info.plist;
				LD_RUNPATH_SEARCH_PATHS = "$(inherited) @executable_path/Frameworks";
				PRODUCT_BUNDLE_IDENTIFIER = com.geeksdobyte.PokeDex;
				PRODUCT_NAME = "$(TARGET_NAME)";
			};
			name = Release;
		};
/* End XCBuildConfiguration section */

/* Begin XCConfigurationList section */
		A3FD202D1BAB6EF60002B587 /* Build configuration list for PBXProject "PokeDex" */ = {
			isa = XCConfigurationList;
			buildConfigurations = (
				A3FD20421BAB6EF60002B587 /* Debug */,
				A3FD20431BAB6EF60002B587 /* Release */,
			);
			defaultConfigurationIsVisible = 0;
			defaultConfigurationName = Release;
		};
		A3FD20441BAB6EF60002B587 /* Build configuration list for PBXNativeTarget "PokeDex" */ = {
			isa = XCConfigurationList;
			buildConfigurations = (
				A3FD20451BAB6EF60002B587 /* Debug */,
				A3FD20461BAB6EF60002B587 /* Release */,
			);
			defaultConfigurationIsVisible = 0;
			defaultConfigurationName = Release;
		};
/* End XCConfigurationList section */
	};
	rootObject = A3FD202A1BAB6EF60002B587 /* Project object */;
}
